
Microsoft Visual Studio Solution File, Format Version 12.00
# Visual Studio Version 17
VisualStudioVersion = 17.4.33213.308
MinimumVisualStudioVersion = 10.0.40219.1
Project("{FAE04EC0-301F-11D3-BF4B-00C04F79EFBC}") = "Geospace", "Geospace\Geospace.csproj", "{D64D3B3D-AAB2-4753-B152-D4CEC7DEB019}"
EndProject
Global
	GlobalSection(SolutionConfigurationPlatforms) = preSolution
		Debug|Any CPU = Debug|Any CPU
		Release|Any CPU = Release|Any CPU
	EndGlobalSection
	GlobalSection(ProjectConfigurationPlatforms) = postSolution
		{D64D3B3D-AAB2-4753-B152-D4CEC7DEB019}.Debug|Any CPU.ActiveCfg = Debug|Any CPU
		{D64D3B3D-AAB2-4753-B152-D4CEC7DEB019}.Debug|Any CPU.Build.0 = Debug|Any CPU
		{D64D3B3D-AAB2-4753-B152-D4CEC7DEB019}.Release|Any CPU.ActiveCfg = Release|Any CPU
		{D64D3B3D-AAB2-4753-B152-D4CEC7DEB019}.Release|Any CPU.Build.0 = Release|Any CPU
	EndGlobalSection
	GlobalSection(SolutionProperties) = preSolution
		HideSolutionNode = FALSE
	EndGlobalSection
	GlobalSection(ExtensibilityGlobals) = postSolution
		SolutionGuid = {1951C420-6FCD-4968-9CEC-625C8D035FD1}
	EndGlobalSection
EndGlobal
